
Microsoft Visual Studio Solution File, Format Version 12.00
# Visual Studio Version 16
VisualStudioVersion = 16.0.29409.12
MinimumVisualStudioVersion = 10.0.40219.1
Project("{FAE04EC0-301F-11D3-BF4B-00C04F79EFBC}") = "HandlingCMDArguments", "HandlingCMDArguments\HandlingCMDArguments.csproj", "{85F2CB9B-9B70-4513-BA31-5BD584159811}"
EndProject
Project("{FAE04EC0-301F-11D3-BF4B-00C04F79EFBC}") = "ShowSystemDetails", "ShowSystemDetails\ShowSystemDetails.csproj", "{F75BC515-881B-4502-AE96-25C485378172}"
EndProject
Project("{FAE04EC0-301F-11D3-BF4B-00C04F79EFBC}") = "ClassConsole", "ClassConsole\ClassConsole.csproj", "{62989CDE-413D-4890-B4BA-B4B6D907D42B}"
EndProject
Project("{FAE04EC0-301F-11D3-BF4B-00C04F79EFBC}") = "FormattingNumbers", "FormattingNumbers\FormattingNumbers.csproj", "{72B1F39E-BAE1-4350-A423-7A5426EA79B9}"
EndProject
Project("{FAE04EC0-301F-11D3-BF4B-00C04F79EFBC}") = "DateTimeAndTimeSpan", "DateTimeAndTimeSpan\DateTimeAndTimeSpan.csproj", "{20E1C69A-8EA3-4CD7-BE19-F00964A9A157}"
EndProject
Project("{FAE04EC0-301F-11D3-BF4B-00C04F79EFBC}") = "StringFunctionality", "StringFunctionality\StringFunctionality.csproj", "{05BD2A75-56AD-43B7-8096-CDAB7E05830C}"
EndProject
Project("{FAE04EC0-301F-11D3-BF4B-00C04F79EFBC}") = "FunWithStringBuilder", "FunWithStringBuilder\FunWithStringBuilder.csproj", "{D08D263D-AFA0-4430-B7F5-21C29F60564E}"
EndProject
Project("{FAE04EC0-301F-11D3-BF4B-00C04F79EFBC}") = "TypeConversations", "TypeConversations\TypeConversations.csproj", "{155EA4BE-2998-4475-9190-AA0A64305413}"
EndProject
Project("{FAE04EC0-301F-11D3-BF4B-00C04F79EFBC}") = "SwitchOnEnumExample", "SwitchOnEnumExample\SwitchOnEnumExample.csproj", "{F557B227-1EC8-4633-AB91-70E32FF25EF6}"
EndProject
Project("{FAE04EC0-301F-11D3-BF4B-00C04F79EFBC}") = "FunWithMethods", "FunWithMethods\FunWithMethods.csproj", "{50B8D1C8-CB6D-4BC6-BD16-D3A0E55BC84E}"
EndProject
Project("{FAE04EC0-301F-11D3-BF4B-00C04F79EFBC}") = "MultiDimensionalArray", "MultiDimensionalArray\MultiDimensionalArray.csproj", "{7144F35F-4C4C-4101-AB44-84F4B10626D1}"
EndProject
Project("{FAE04EC0-301F-11D3-BF4B-00C04F79EFBC}") = "SystemArrayFunctionality", "SystemArrayFunctionality\SystemArrayFunctionality.csproj", "{172274AC-CDF8-4F59-9CB4-A2F1C5ED6EC0}"
EndProject
Project("{FAE04EC0-301F-11D3-BF4B-00C04F79EFBC}") = "EnumTest", "EnumTest\EnumTest.csproj", "{100BE39C-D5DA-4327-B974-826A7D74B6E3}"
EndProject
Project("{FAE04EC0-301F-11D3-BF4B-00C04F79EFBC}") = "NullableTypes", "NullableTypes\NullableTypes.csproj", "{A2A07654-53C7-4AF8-8BA2-5D26BF98D162}"
EndProject
Global
	GlobalSection(SolutionConfigurationPlatforms) = preSolution
		Debug|Any CPU = Debug|Any CPU
		Release|Any CPU = Release|Any CPU
	EndGlobalSection
	GlobalSection(ProjectConfigurationPlatforms) = postSolution
		{85F2CB9B-9B70-4513-BA31-5BD584159811}.Debug|Any CPU.ActiveCfg = Debug|Any CPU
		{85F2CB9B-9B70-4513-BA31-5BD584159811}.Debug|Any CPU.Build.0 = Debug|Any CPU
		{85F2CB9B-9B70-4513-BA31-5BD584159811}.Release|Any CPU.ActiveCfg = Release|Any CPU
		{85F2CB9B-9B70-4513-BA31-5BD584159811}.Release|Any CPU.Build.0 = Release|Any CPU
		{F75BC515-881B-4502-AE96-25C485378172}.Debug|Any CPU.ActiveCfg = Debug|Any CPU
		{F75BC515-881B-4502-AE96-25C485378172}.Debug|Any CPU.Build.0 = Debug|Any CPU
		{F75BC515-881B-4502-AE96-25C485378172}.Release|Any CPU.ActiveCfg = Release|Any CPU
		{F75BC515-881B-4502-AE96-25C485378172}.Release|Any CPU.Build.0 = Release|Any CPU
		{62989CDE-413D-4890-B4BA-B4B6D907D42B}.Debug|Any CPU.ActiveCfg = Debug|Any CPU
		{62989CDE-413D-4890-B4BA-B4B6D907D42B}.Debug|Any CPU.Build.0 = Debug|Any CPU
		{62989CDE-413D-4890-B4BA-B4B6D907D42B}.Release|Any CPU.ActiveCfg = Release|Any CPU
		{62989CDE-413D-4890-B4BA-B4B6D907D42B}.Release|Any CPU.Build.0 = Release|Any CPU
		{72B1F39E-BAE1-4350-A423-7A5426EA79B9}.Debug|Any CPU.ActiveCfg = Debug|Any CPU
		{72B1F39E-BAE1-4350-A423-7A5426EA79B9}.Debug|Any CPU.Build.0 = Debug|Any CPU
		{72B1F39E-BAE1-4350-A423-7A5426EA79B9}.Release|Any CPU.ActiveCfg = Release|Any CPU
		{72B1F39E-BAE1-4350-A423-7A5426EA79B9}.Release|Any CPU.Build.0 = Release|Any CPU
		{20E1C69A-8EA3-4CD7-BE19-F00964A9A157}.Debug|Any CPU.ActiveCfg = Debug|Any CPU
		{20E1C69A-8EA3-4CD7-BE19-F00964A9A157}.Debug|Any CPU.Build.0 = Debug|Any CPU
		{20E1C69A-8EA3-4CD7-BE19-F00964A9A157}.Release|Any CPU.ActiveCfg = Release|Any CPU
		{20E1C69A-8EA3-4CD7-BE19-F00964A9A157}.Release|Any CPU.Build.0 = Release|Any CPU
		{05BD2A75-56AD-43B7-8096-CDAB7E05830C}.Debug|Any CPU.ActiveCfg = Debug|Any CPU
		{05BD2A75-56AD-43B7-8096-CDAB7E05830C}.Debug|Any CPU.Build.0 = Debug|Any CPU
		{05BD2A75-56AD-43B7-8096-CDAB7E05830C}.Release|Any CPU.ActiveCfg = Release|Any CPU
		{05BD2A75-56AD-43B7-8096-CDAB7E05830C}.Release|Any CPU.Build.0 = Release|Any CPU
		{D08D263D-AFA0-4430-B7F5-21C29F60564E}.Debug|Any CPU.ActiveCfg = Debug|Any CPU
		{D08D263D-AFA0-4430-B7F5-21C29F60564E}.Debug|Any CPU.Build.0 = Debug|Any CPU
		{D08D263D-AFA0-4430-B7F5-21C29F60564E}.Release|Any CPU.ActiveCfg = Release|Any CPU
		{D08D263D-AFA0-4430-B7F5-21C29F60564E}.Release|Any CPU.Build.0 = Release|Any CPU
		{155EA4BE-2998-4475-9190-AA0A64305413}.Debug|Any CPU.ActiveCfg = Debug|Any CPU
		{155EA4BE-2998-4475-9190-AA0A64305413}.Debug|Any CPU.Build.0 = Debug|Any CPU
		{155EA4BE-2998-4475-9190-AA0A64305413}.Release|Any CPU.ActiveCfg = Release|Any CPU
		{155EA4BE-2998-4475-9190-AA0A64305413}.Release|Any CPU.Build.0 = Release|Any CPU
		{F557B227-1EC8-4633-AB91-70E32FF25EF6}.Debug|Any CPU.ActiveCfg = Debug|Any CPU
		{F557B227-1EC8-4633-AB91-70E32FF25EF6}.Debug|Any CPU.Build.0 = Debug|Any CPU
		{F557B227-1EC8-4633-AB91-70E32FF25EF6}.Release|Any CPU.ActiveCfg = Release|Any CPU
		{F557B227-1EC8-4633-AB91-70E32FF25EF6}.Release|Any CPU.Build.0 = Release|Any CPU
		{50B8D1C8-CB6D-4BC6-BD16-D3A0E55BC84E}.Debug|Any CPU.ActiveCfg = Debug|Any CPU
		{50B8D1C8-CB6D-4BC6-BD16-D3A0E55BC84E}.Debug|Any CPU.Build.0 = Debug|Any CPU
		{50B8D1C8-CB6D-4BC6-BD16-D3A0E55BC84E}.Release|Any CPU.ActiveCfg = Release|Any CPU
		{50B8D1C8-CB6D-4BC6-BD16-D3A0E55BC84E}.Release|Any CPU.Build.0 = Release|Any CPU
		{7144F35F-4C4C-4101-AB44-84F4B10626D1}.Debug|Any CPU.ActiveCfg = Debug|Any CPU
		{7144F35F-4C4C-4101-AB44-84F4B10626D1}.Debug|Any CPU.Build.0 = Debug|Any CPU
		{7144F35F-4C4C-4101-AB44-84F4B10626D1}.Release|Any CPU.ActiveCfg = Release|Any CPU
		{7144F35F-4C4C-4101-AB44-84F4B10626D1}.Release|Any CPU.Build.0 = Release|Any CPU
		{172274AC-CDF8-4F59-9CB4-A2F1C5ED6EC0}.Debug|Any CPU.ActiveCfg = Debug|Any CPU
		{172274AC-CDF8-4F59-9CB4-A2F1C5ED6EC0}.Debug|Any CPU.Build.0 = Debug|Any CPU
		{172274AC-CDF8-4F59-9CB4-A2F1C5ED6EC0}.Release|Any CPU.ActiveCfg = Release|Any CPU
		{172274AC-CDF8-4F59-9CB4-A2F1C5ED6EC0}.Release|Any CPU.Build.0 = Release|Any CPU
		{100BE39C-D5DA-4327-B974-826A7D74B6E3}.Debug|Any CPU.ActiveCfg = Debug|Any CPU
		{100BE39C-D5DA-4327-B974-826A7D74B6E3}.Debug|Any CPU.Build.0 = Debug|Any CPU
		{100BE39C-D5DA-4327-B974-826A7D74B6E3}.Release|Any CPU.ActiveCfg = Release|Any CPU
		{100BE39C-D5DA-4327-B974-826A7D74B6E3}.Release|Any CPU.Build.0 = Release|Any CPU
		{A2A07654-53C7-4AF8-8BA2-5D26BF98D162}.Debug|Any CPU.ActiveCfg = Debug|Any CPU
		{A2A07654-53C7-4AF8-8BA2-5D26BF98D162}.Debug|Any CPU.Build.0 = Debug|Any CPU
		{A2A07654-53C7-4AF8-8BA2-5D26BF98D162}.Release|Any CPU.ActiveCfg = Release|Any CPU
		{A2A07654-53C7-4AF8-8BA2-5D26BF98D162}.Release|Any CPU.Build.0 = Release|Any CPU
	EndGlobalSection
	GlobalSection(SolutionProperties) = preSolution
		HideSolutionNode = FALSE
	EndGlobalSection
	GlobalSection(ExtensibilityGlobals) = postSolution
		SolutionGuid = {CADB0A46-9CEE-43C9-AF72-F120273814BA}
	EndGlobalSection
EndGlobal
